// !$*UTF8*$!
{
	archiveVersion = 1;
	classes = {
	};
	objectVersion = 54;
	objects = {

/* Begin PBXBuildFile section */
		00C019C677714E85902E55DA /* IBMPlexSans-BoldItalic.ttf in Resources */ = {isa = PBXBuildFile; fileRef = C2E44D81992A4E94A0C1730E /* IBMPlexSans-BoldItalic.ttf */; };
		00E356F31AD99517003FC87E /* DoxleRNTests.m in Sources */ = {isa = PBXBuildFile; fileRef = 00E356F21AD99517003FC87E /* DoxleRNTests.m */; };
		00F5989DF5CF4FB8A4A456B6 /* WorkSans-BoldItalic.ttf in Resources */ = {isa = PBXBuildFile; fileRef = EF4E55778E544068A5336D25 /* WorkSans-BoldItalic.ttf */; };
		0244D9880FAE4EEDAECADF1C /* NostromoRegular-Bold.otf in Resources */ = {isa = PBXBuildFile; fileRef = AFE3A53CEE2D40AF85E3FF8A /* NostromoRegular-Bold.otf */; };
		0C80B921A6F3F58F76C31292 /* libPods-DoxleRN.a in Frameworks */ = {isa = PBXBuildFile; fileRef = 5DCACB8F33CDC322A6C60F78 /* libPods-DoxleRN.a */; };
		114E7C25B74F4045B1A174EC /* IBMPlexSans-LightItalic.ttf in Resources */ = {isa = PBXBuildFile; fileRef = 53AC927E481842A3BC3DBC6B /* IBMPlexSans-LightItalic.ttf */; };
		116ED30328F24BE6B32FBEB8 /* IBMPlexSans-Medium.ttf in Resources */ = {isa = PBXBuildFile; fileRef = 302EA1195B534D60903043FB /* IBMPlexSans-Medium.ttf */; };
		13B07FBC1A68108700A75B9A /* AppDelegate.mm in Sources */ = {isa = PBXBuildFile; fileRef = 13B07FB01A68108700A75B9A /* AppDelegate.mm */; };
		13B07FBF1A68108700A75B9A /* Images.xcassets in Resources */ = {isa = PBXBuildFile; fileRef = 13B07FB51A68108700A75B9A /* Images.xcassets */; };
		13B07FC11A68108700A75B9A /* main.m in Sources */ = {isa = PBXBuildFile; fileRef = 13B07FB71A68108700A75B9A /* main.m */; };
		16076B5784104DB085E71EC7 /* IBMPlexMono-ThinItalic.ttf in Resources */ = {isa = PBXBuildFile; fileRef = 5AE7F439F51C48218559E586 /* IBMPlexMono-ThinItalic.ttf */; };
		172CD8F0D3A44B728616A065 /* WorkSans-Italic.ttf in Resources */ = {isa = PBXBuildFile; fileRef = 912C6426CBC944C9A2051341 /* WorkSans-Italic.ttf */; };
		172F54A99022468083F4FC7C /* WorkSans-Black.ttf in Resources */ = {isa = PBXBuildFile; fileRef = 179AC7A6C17E42EBBF1962E9 /* WorkSans-Black.ttf */; };
		180CF2A125E942FB8B3E2BA1 /* IBMPlexMono-ExtraLightItalic.ttf in Resources */ = {isa = PBXBuildFile; fileRef = 489B7D190A324D3DBBB664DB /* IBMPlexMono-ExtraLightItalic.ttf */; };
		1833E69C1BB9430395C189FD /* OFL.txt in Resources */ = {isa = PBXBuildFile; fileRef = 60A1021BD4E749B0B9CE0152 /* OFL.txt */; };
		1F3D32C6830B43DBA9319822 /* README.txt in Resources */ = {isa = PBXBuildFile; fileRef = 825E11D02BDD4ADB8B72C7B8 /* README.txt */; };
		228C5F6C9C82464BAE2EA469 /* WorkSans-Regular.ttf in Resources */ = {isa = PBXBuildFile; fileRef = EF1F3B26E0DA43BF8C08E8B3 /* WorkSans-Regular.ttf */; };
		23519D83431C4F40BF61A7CC /* IBMPlexSans-ThinItalic.ttf in Resources */ = {isa = PBXBuildFile; fileRef = 421F8A97614C4B04B2943228 /* IBMPlexSans-ThinItalic.ttf */; };
		30B249AED1084C4089976E19 /* WorkSans-SemiBoldItalic.ttf in Resources */ = {isa = PBXBuildFile; fileRef = E99D86FF9A584173ACD1228D /* WorkSans-SemiBoldItalic.ttf */; };
		33E52C2014214CADA200DE6B /* WorkSans-ExtraBoldItalic.ttf in Resources */ = {isa = PBXBuildFile; fileRef = A54E1FC51625499198F59DCC /* WorkSans-ExtraBoldItalic.ttf */; };
		346E71FE0E1F4AD4BF68D7CA /* IBMPlexMono-Bold.ttf in Resources */ = {isa = PBXBuildFile; fileRef = FEF62B4B72A341698F2E5258 /* IBMPlexMono-Bold.ttf */; };
		361B7A2188B849668F832409 /* WorkSans-ExtraBold.ttf in Resources */ = {isa = PBXBuildFile; fileRef = A4CE96A3A57D46F8AA723B16 /* WorkSans-ExtraBold.ttf */; };
		3683A20CEEE24259BB03B569 /* WorkSans-VariableFont_wght.ttf in Resources */ = {isa = PBXBuildFile; fileRef = 1F6E4A80257C4931B342BC05 /* WorkSans-VariableFont_wght.ttf */; };
		404BF7E6D8064F1697754B58 /* NostromoRegular-Light.otf in Resources */ = {isa = PBXBuildFile; fileRef = C9210CB0D769463784DCFA2F /* NostromoRegular-Light.otf */; };
		424DF222B5AD425FA72C51BA /* WorkSans-LightItalic.ttf in Resources */ = {isa = PBXBuildFile; fileRef = 435EF12879064D2891537E39 /* WorkSans-LightItalic.ttf */; };
		43BCEFDAC9FC4A87899CBB23 /* IBMPlexSans-SemiBold.ttf in Resources */ = {isa = PBXBuildFile; fileRef = B88B0108E9B9473EA130A99F /* IBMPlexSans-SemiBold.ttf */; };
		466B90C5989A4C59B9E8BB31 /* IBMPlexMono-SemiBoldItalic.ttf in Resources */ = {isa = PBXBuildFile; fileRef = 6D8EE39DC9FD47ADBFFC949F /* IBMPlexMono-SemiBoldItalic.ttf */; };
		59970A0C6465452D883BB8B8 /* IBMPlexMono-BoldItalic.ttf in Resources */ = {isa = PBXBuildFile; fileRef = 4CA5192B51D345308D87B523 /* IBMPlexMono-BoldItalic.ttf */; };
		5A450DE583B748B898A55550 /* NostromoRegular-Medium.otf in Resources */ = {isa = PBXBuildFile; fileRef = 767ECDD9B9104F93B680572D /* NostromoRegular-Medium.otf */; };
		5A547B0A91A74A97894FC367 /* IBMPlexSans-Light.ttf in Resources */ = {isa = PBXBuildFile; fileRef = 3BAD6B5B067040F1B281129E /* IBMPlexSans-Light.ttf */; };
		5C61FF991D8A42E1BEDA456F /* WorkSans-MediumItalic.ttf in Resources */ = {isa = PBXBuildFile; fileRef = 8AD8D7EB822A47798105B1F9 /* WorkSans-MediumItalic.ttf */; };
		68FB6B2395614D4F91DF34B2 /* IBMPlexSans-Italic.ttf in Resources */ = {isa = PBXBuildFile; fileRef = 97CFCFF7A0BE4B1798D0673E /* IBMPlexSans-Italic.ttf */; };
		6EF08AFA5F954B388D400B10 /* WorkSans-SemiBold.ttf in Resources */ = {isa = PBXBuildFile; fileRef = 58979A82AD374F0F89AA9DB7 /* WorkSans-SemiBold.ttf */; };
		714BC02007E94FEB9CB86184 /* IBMPlexSans-ExtraLight.ttf in Resources */ = {isa = PBXBuildFile; fileRef = 76147697930947939D586DB3 /* IBMPlexSans-ExtraLight.ttf */; };
		7303CDF940DB48D8B0ACE98F /* IBMPlexMono-MediumItalic.ttf in Resources */ = {isa = PBXBuildFile; fileRef = F605B56C02234F74918A6267 /* IBMPlexMono-MediumItalic.ttf */; };
		74270DBF84DA437B840885F1 /* IBMPlexMono-LightItalic.ttf in Resources */ = {isa = PBXBuildFile; fileRef = E1FCAE3280884DE685DFA8A1 /* IBMPlexMono-LightItalic.ttf */; };
		7699B88040F8A987B510C191 /* libPods-DoxleRN-DoxleRNTests.a in Frameworks */ = {isa = PBXBuildFile; fileRef = 19F6CBCC0A4E27FBF8BF4A61 /* libPods-DoxleRN-DoxleRNTests.a */; };
		79115470954844C8ADDF9E27 /* IBMPlexSans-SemiBoldItalic.ttf in Resources */ = {isa = PBXBuildFile; fileRef = F392286839CA4CB8907BBA5F /* IBMPlexSans-SemiBoldItalic.ttf */; };
		81AB9BB82411601600AC10FF /* LaunchScreen.storyboard in Resources */ = {isa = PBXBuildFile; fileRef = 81AB9BB72411601600AC10FF /* LaunchScreen.storyboard */; };
		8723C53B26994AFBB0E0D013 /* IBMPlexMono-Medium.ttf in Resources */ = {isa = PBXBuildFile; fileRef = 16A1369D393C4DF29CD70CD5 /* IBMPlexMono-Medium.ttf */; };
		8EC2A260070F40EEB007C55A /* IBMPlexMono-Thin.ttf in Resources */ = {isa = PBXBuildFile; fileRef = C08FD168E0DF430398FD48F0 /* IBMPlexMono-Thin.ttf */; };
		8EFBBFEAA2384B308FCD9876 /* IBMPlexMono-Regular.ttf in Resources */ = {isa = PBXBuildFile; fileRef = 62CC287A9D3145439F66AB73 /* IBMPlexMono-Regular.ttf */; };
		982AD77FBCE8405ABE1C4A34 /* IBMPlexSans-Thin.ttf in Resources */ = {isa = PBXBuildFile; fileRef = A8BE63619E804769B69E5806 /* IBMPlexSans-Thin.ttf */; };
		AB8C0C7B0A4C48E487F5D0E1 /* IBMPlexSans-Regular.ttf in Resources */ = {isa = PBXBuildFile; fileRef = 0A511270E94C471EAC18EE49 /* IBMPlexSans-Regular.ttf */; };
		B1C6154D981C4676870DC734 /* IBMPlexMono-SemiBold.ttf in Resources */ = {isa = PBXBuildFile; fileRef = 80E3EE540A654F83A25488B2 /* IBMPlexMono-SemiBold.ttf */; };
		B75EDAB2536A4B0585AD685D /* WorkSans-ExtraLightItalic.ttf in Resources */ = {isa = PBXBuildFile; fileRef = EEAF5BDD4FA9482EA2E4637B /* WorkSans-ExtraLightItalic.ttf */; };
		BB0C24C4465E4E9185AC9358 /* NostromoRegular-Heavy.otf in Resources */ = {isa = PBXBuildFile; fileRef = 12DF591E90754F28A311F1BF /* NostromoRegular-Heavy.otf */; };
		BB8E158A213B409DBE85DF72 /* IBMPlexSans-MediumItalic.ttf in Resources */ = {isa = PBXBuildFile; fileRef = 6D20164CC8354FBBBA341401 /* IBMPlexSans-MediumItalic.ttf */; };
		BEB55EE1AE5F4A478A712F3E /* WorkSans-Medium.ttf in Resources */ = {isa = PBXBuildFile; fileRef = E7682AD30F764A15BD0BD1F6 /* WorkSans-Medium.ttf */; };
		C84780823CF84551970B7C62 /* IBMPlexMono-ExtraLight.ttf in Resources */ = {isa = PBXBuildFile; fileRef = 32C40772E4834FAA81FF63D6 /* IBMPlexMono-ExtraLight.ttf */; };
		CA4B9BCF64AB4ECBAE2AEA99 /* NostromoRegular-Black.otf in Resources */ = {isa = PBXBuildFile; fileRef = CEAB91BB37FE434BBF8A1F21 /* NostromoRegular-Black.otf */; };
		D157163682634CA1B5EC2989 /* IBMPlexSans-ExtraLightItalic.ttf in Resources */ = {isa = PBXBuildFile; fileRef = 91E0EDEF20204941B44D450C /* IBMPlexSans-ExtraLightItalic.ttf */; };
		DD3C0ECE6FF64D059BAF664E /* IBMPlexMono-Italic.ttf in Resources */ = {isa = PBXBuildFile; fileRef = 22CB8E4D197546E8AF4E9892 /* IBMPlexMono-Italic.ttf */; };
		E1BEFE03A4824CFA88B061AE /* WorkSans-Italic-VariableFont_wght.ttf in Resources */ = {isa = PBXBuildFile; fileRef = 018F2BA321824C1F9D8C68F8 /* WorkSans-Italic-VariableFont_wght.ttf */; };
		E2AD5F905AFF47B2A74F70F2 /* WorkSans-Light.ttf in Resources */ = {isa = PBXBuildFile; fileRef = 99D50E8A7BE84DAEB28EB7FB /* WorkSans-Light.ttf */; };
		E4AA8F6836304F1DA5CD9D8B /* WorkSans-ThinItalic.ttf in Resources */ = {isa = PBXBuildFile; fileRef = 7ED2110D8919421CAD8449B1 /* WorkSans-ThinItalic.ttf */; };
		EF18476BF5104F56AEBC61B6 /* WorkSans-Bold.ttf in Resources */ = {isa = PBXBuildFile; fileRef = 5189381455A04BD9A97F4AF0 /* WorkSans-Bold.ttf */; };
		EF93FFCC0E1744C5AF559F41 /* IBMPlexMono-Light.ttf in Resources */ = {isa = PBXBuildFile; fileRef = 5492B48E1AAC4D4691FF0A4A /* IBMPlexMono-Light.ttf */; };
		F293C5A83FE64F33871F6CE0 /* WorkSans-ExtraLight.ttf in Resources */ = {isa = PBXBuildFile; fileRef = 7A99992FA9A141B7A66232A2 /* WorkSans-ExtraLight.ttf */; };
		F88982D1C5CE48D9A354D55B /* WorkSans-Thin.ttf in Resources */ = {isa = PBXBuildFile; fileRef = BF73DDA073F04ACB95E58B3D /* WorkSans-Thin.ttf */; };
		FA43661A22B64E1FA8601D52 /* WorkSans-BlackItalic.ttf in Resources */ = {isa = PBXBuildFile; fileRef = 2CA22D7D108B419EA50DFC77 /* WorkSans-BlackItalic.ttf */; };
		FDC32C6F1F884AC2B1903D23 /* IBMPlexSans-Bold.ttf in Resources */ = {isa = PBXBuildFile; fileRef = 9540DED06BB242BCA490A1A5 /* IBMPlexSans-Bold.ttf */; };
/* End PBXBuildFile section */

/* Begin PBXContainerItemProxy section */
		00E356F41AD99517003FC87E /* PBXContainerItemProxy */ = {
			isa = PBXContainerItemProxy;
			containerPortal = 83CBB9F71A601CBA00E9B192 /* Project object */;
			proxyType = 1;
			remoteGlobalIDString = 13B07F861A680F5B00A75B9A;
			remoteInfo = DoxleRN;
		};
/* End PBXContainerItemProxy section */

/* Begin PBXFileReference section */
		00E356EE1AD99517003FC87E /* DoxleRNTests.xctest */ = {isa = PBXFileReference; explicitFileType = wrapper.cfbundle; includeInIndex = 0; path = DoxleRNTests.xctest; sourceTree = BUILT_PRODUCTS_DIR; };
		00E356F11AD99517003FC87E /* Info.plist */ = {isa = PBXFileReference; lastKnownFileType = text.plist.xml; path = Info.plist; sourceTree = "<group>"; };
		00E356F21AD99517003FC87E /* DoxleRNTests.m */ = {isa = PBXFileReference; lastKnownFileType = sourcecode.c.objc; path = DoxleRNTests.m; sourceTree = "<group>"; };
		018F2BA321824C1F9D8C68F8 /* WorkSans-Italic-VariableFont_wght.ttf */ = {isa = PBXFileReference; explicitFileType = undefined; fileEncoding = undefined; includeInIndex = 0; lastKnownFileType = unknown; name = "WorkSans-Italic-VariableFont_wght.ttf"; path = "../src/assets/fonts/Work_Sans/WorkSans-Italic-VariableFont_wght.ttf"; sourceTree = "<group>"; };
		0A511270E94C471EAC18EE49 /* IBMPlexSans-Regular.ttf */ = {isa = PBXFileReference; explicitFileType = undefined; fileEncoding = 9; includeInIndex = 0; lastKnownFileType = unknown; name = "IBMPlexSans-Regular.ttf"; path = "../src/assets/fonts/ibm_plex_sans/IBMPlexSans-Regular.ttf"; sourceTree = "<group>"; };
		12DF591E90754F28A311F1BF /* NostromoRegular-Heavy.otf */ = {isa = PBXFileReference; explicitFileType = undefined; fileEncoding = 9; includeInIndex = 0; lastKnownFileType = unknown; name = "NostromoRegular-Heavy.otf"; path = "../src/assets/fonts/nostromo_regular/NostromoRegular-Heavy.otf"; sourceTree = "<group>"; };
		13B07F961A680F5B00A75B9A /* DoxleRN.app */ = {isa = PBXFileReference; explicitFileType = wrapper.application; includeInIndex = 0; path = DoxleRN.app; sourceTree = BUILT_PRODUCTS_DIR; };
		13B07FAF1A68108700A75B9A /* AppDelegate.h */ = {isa = PBXFileReference; fileEncoding = 4; lastKnownFileType = sourcecode.c.h; name = AppDelegate.h; path = DoxleRN/AppDelegate.h; sourceTree = "<group>"; };
		13B07FB01A68108700A75B9A /* AppDelegate.mm */ = {isa = PBXFileReference; fileEncoding = 4; lastKnownFileType = sourcecode.cpp.objcpp; name = AppDelegate.mm; path = DoxleRN/AppDelegate.mm; sourceTree = "<group>"; };
		13B07FB51A68108700A75B9A /* Images.xcassets */ = {isa = PBXFileReference; lastKnownFileType = folder.assetcatalog; name = Images.xcassets; path = DoxleRN/Images.xcassets; sourceTree = "<group>"; };
		13B07FB61A68108700A75B9A /* Info.plist */ = {isa = PBXFileReference; fileEncoding = 4; lastKnownFileType = text.plist.xml; name = Info.plist; path = DoxleRN/Info.plist; sourceTree = "<group>"; };
		13B07FB71A68108700A75B9A /* main.m */ = {isa = PBXFileReference; fileEncoding = 4; lastKnownFileType = sourcecode.c.objc; name = main.m; path = DoxleRN/main.m; sourceTree = "<group>"; };
		16A1369D393C4DF29CD70CD5 /* IBMPlexMono-Medium.ttf */ = {isa = PBXFileReference; explicitFileType = undefined; fileEncoding = 9; includeInIndex = 0; lastKnownFileType = unknown; name = "IBMPlexMono-Medium.ttf"; path = "../src/assets/fonts/ibm_plex_mono/IBMPlexMono-Medium.ttf"; sourceTree = "<group>"; };
		179AC7A6C17E42EBBF1962E9 /* WorkSans-Black.ttf */ = {isa = PBXFileReference; explicitFileType = undefined; fileEncoding = undefined; includeInIndex = 0; lastKnownFileType = unknown; name = "WorkSans-Black.ttf"; path = "../src/assets/fonts/Work_Sans/static/WorkSans-Black.ttf"; sourceTree = "<group>"; };
		19F6CBCC0A4E27FBF8BF4A61 /* libPods-DoxleRN-DoxleRNTests.a */ = {isa = PBXFileReference; explicitFileType = archive.ar; includeInIndex = 0; path = "libPods-DoxleRN-DoxleRNTests.a"; sourceTree = BUILT_PRODUCTS_DIR; };
		1F6E4A80257C4931B342BC05 /* WorkSans-VariableFont_wght.ttf */ = {isa = PBXFileReference; explicitFileType = undefined; fileEncoding = undefined; includeInIndex = 0; lastKnownFileType = unknown; name = "WorkSans-VariableFont_wght.ttf"; path = "../src/assets/fonts/Work_Sans/WorkSans-VariableFont_wght.ttf"; sourceTree = "<group>"; };
		22CB8E4D197546E8AF4E9892 /* IBMPlexMono-Italic.ttf */ = {isa = PBXFileReference; explicitFileType = undefined; fileEncoding = 9; includeInIndex = 0; lastKnownFileType = unknown; name = "IBMPlexMono-Italic.ttf"; path = "../src/assets/fonts/ibm_plex_mono/IBMPlexMono-Italic.ttf"; sourceTree = "<group>"; };
		2CA22D7D108B419EA50DFC77 /* WorkSans-BlackItalic.ttf */ = {isa = PBXFileReference; explicitFileType = undefined; fileEncoding = undefined; includeInIndex = 0; lastKnownFileType = unknown; name = "WorkSans-BlackItalic.ttf"; path = "../src/assets/fonts/Work_Sans/static/WorkSans-BlackItalic.ttf"; sourceTree = "<group>"; };
		302EA1195B534D60903043FB /* IBMPlexSans-Medium.ttf */ = {isa = PBXFileReference; explicitFileType = undefined; fileEncoding = 9; includeInIndex = 0; lastKnownFileType = unknown; name = "IBMPlexSans-Medium.ttf"; path = "../src/assets/fonts/ibm_plex_sans/IBMPlexSans-Medium.ttf"; sourceTree = "<group>"; };
		32C40772E4834FAA81FF63D6 /* IBMPlexMono-ExtraLight.ttf */ = {isa = PBXFileReference; explicitFileType = undefined; fileEncoding = 9; includeInIndex = 0; lastKnownFileType = unknown; name = "IBMPlexMono-ExtraLight.ttf"; path = "../src/assets/fonts/ibm_plex_mono/IBMPlexMono-ExtraLight.ttf"; sourceTree = "<group>"; };
		3B4392A12AC88292D35C810B /* Pods-DoxleRN.debug.xcconfig */ = {isa = PBXFileReference; includeInIndex = 1; lastKnownFileType = text.xcconfig; name = "Pods-DoxleRN.debug.xcconfig"; path = "Target Support Files/Pods-DoxleRN/Pods-DoxleRN.debug.xcconfig"; sourceTree = "<group>"; };
		3BAD6B5B067040F1B281129E /* IBMPlexSans-Light.ttf */ = {isa = PBXFileReference; explicitFileType = undefined; fileEncoding = 9; includeInIndex = 0; lastKnownFileType = unknown; name = "IBMPlexSans-Light.ttf"; path = "../src/assets/fonts/ibm_plex_sans/IBMPlexSans-Light.ttf"; sourceTree = "<group>"; };
		421F8A97614C4B04B2943228 /* IBMPlexSans-ThinItalic.ttf */ = {isa = PBXFileReference; explicitFileType = undefined; fileEncoding = 9; includeInIndex = 0; lastKnownFileType = unknown; name = "IBMPlexSans-ThinItalic.ttf"; path = "../src/assets/fonts/ibm_plex_sans/IBMPlexSans-ThinItalic.ttf"; sourceTree = "<group>"; };
		435EF12879064D2891537E39 /* WorkSans-LightItalic.ttf */ = {isa = PBXFileReference; explicitFileType = undefined; fileEncoding = undefined; includeInIndex = 0; lastKnownFileType = unknown; name = "WorkSans-LightItalic.ttf"; path = "../src/assets/fonts/Work_Sans/static/WorkSans-LightItalic.ttf"; sourceTree = "<group>"; };
		489B7D190A324D3DBBB664DB /* IBMPlexMono-ExtraLightItalic.ttf */ = {isa = PBXFileReference; explicitFileType = undefined; fileEncoding = 9; includeInIndex = 0; lastKnownFileType = unknown; name = "IBMPlexMono-ExtraLightItalic.ttf"; path = "../src/assets/fonts/ibm_plex_mono/IBMPlexMono-ExtraLightItalic.ttf"; sourceTree = "<group>"; };
		4CA5192B51D345308D87B523 /* IBMPlexMono-BoldItalic.ttf */ = {isa = PBXFileReference; explicitFileType = undefined; fileEncoding = 9; includeInIndex = 0; lastKnownFileType = unknown; name = "IBMPlexMono-BoldItalic.ttf"; path = "../src/assets/fonts/ibm_plex_mono/IBMPlexMono-BoldItalic.ttf"; sourceTree = "<group>"; };
		5189381455A04BD9A97F4AF0 /* WorkSans-Bold.ttf */ = {isa = PBXFileReference; explicitFileType = undefined; fileEncoding = undefined; includeInIndex = 0; lastKnownFileType = unknown; name = "WorkSans-Bold.ttf"; path = "../src/assets/fonts/Work_Sans/static/WorkSans-Bold.ttf"; sourceTree = "<group>"; };
		53AC927E481842A3BC3DBC6B /* IBMPlexSans-LightItalic.ttf */ = {isa = PBXFileReference; explicitFileType = undefined; fileEncoding = 9; includeInIndex = 0; lastKnownFileType = unknown; name = "IBMPlexSans-LightItalic.ttf"; path = "../src/assets/fonts/ibm_plex_sans/IBMPlexSans-LightItalic.ttf"; sourceTree = "<group>"; };
		5492B48E1AAC4D4691FF0A4A /* IBMPlexMono-Light.ttf */ = {isa = PBXFileReference; explicitFileType = undefined; fileEncoding = 9; includeInIndex = 0; lastKnownFileType = unknown; name = "IBMPlexMono-Light.ttf"; path = "../src/assets/fonts/ibm_plex_mono/IBMPlexMono-Light.ttf"; sourceTree = "<group>"; };
		5709B34CF0A7D63546082F79 /* Pods-DoxleRN.release.xcconfig */ = {isa = PBXFileReference; includeInIndex = 1; lastKnownFileType = text.xcconfig; name = "Pods-DoxleRN.release.xcconfig"; path = "Target Support Files/Pods-DoxleRN/Pods-DoxleRN.release.xcconfig"; sourceTree = "<group>"; };
		58979A82AD374F0F89AA9DB7 /* WorkSans-SemiBold.ttf */ = {isa = PBXFileReference; explicitFileType = undefined; fileEncoding = undefined; includeInIndex = 0; lastKnownFileType = unknown; name = "WorkSans-SemiBold.ttf"; path = "../src/assets/fonts/Work_Sans/static/WorkSans-SemiBold.ttf"; sourceTree = "<group>"; };
		5AE7F439F51C48218559E586 /* IBMPlexMono-ThinItalic.ttf */ = {isa = PBXFileReference; explicitFileType = undefined; fileEncoding = 9; includeInIndex = 0; lastKnownFileType = unknown; name = "IBMPlexMono-ThinItalic.ttf"; path = "../src/assets/fonts/ibm_plex_mono/IBMPlexMono-ThinItalic.ttf"; sourceTree = "<group>"; };
		5B7EB9410499542E8C5724F5 /* Pods-DoxleRN-DoxleRNTests.debug.xcconfig */ = {isa = PBXFileReference; includeInIndex = 1; lastKnownFileType = text.xcconfig; name = "Pods-DoxleRN-DoxleRNTests.debug.xcconfig"; path = "Target Support Files/Pods-DoxleRN-DoxleRNTests/Pods-DoxleRN-DoxleRNTests.debug.xcconfig"; sourceTree = "<group>"; };
		5DCACB8F33CDC322A6C60F78 /* libPods-DoxleRN.a */ = {isa = PBXFileReference; explicitFileType = archive.ar; includeInIndex = 0; path = "libPods-DoxleRN.a"; sourceTree = BUILT_PRODUCTS_DIR; };
		60A1021BD4E749B0B9CE0152 /* OFL.txt */ = {isa = PBXFileReference; explicitFileType = undefined; fileEncoding = undefined; includeInIndex = 0; lastKnownFileType = unknown; name = OFL.txt; path = ../src/assets/fonts/Work_Sans/OFL.txt; sourceTree = "<group>"; };
		62CC287A9D3145439F66AB73 /* IBMPlexMono-Regular.ttf */ = {isa = PBXFileReference; explicitFileType = undefined; fileEncoding = 9; includeInIndex = 0; lastKnownFileType = unknown; name = "IBMPlexMono-Regular.ttf"; path = "../src/assets/fonts/ibm_plex_mono/IBMPlexMono-Regular.ttf"; sourceTree = "<group>"; };
		64E0253CD22D4948A52105B0 /* OFL.txt */ = {isa = PBXFileReference; explicitFileType = undefined; fileEncoding = 9; includeInIndex = 0; lastKnownFileType = unknown; name = OFL.txt; path = ../src/assets/fonts/ibm_plex_mono/OFL.txt; sourceTree = "<group>"; };
		6D20164CC8354FBBBA341401 /* IBMPlexSans-MediumItalic.ttf */ = {isa = PBXFileReference; explicitFileType = undefined; fileEncoding = 9; includeInIndex = 0; lastKnownFileType = unknown; name = "IBMPlexSans-MediumItalic.ttf"; path = "../src/assets/fonts/ibm_plex_sans/IBMPlexSans-MediumItalic.ttf"; sourceTree = "<group>"; };
		6D8EE39DC9FD47ADBFFC949F /* IBMPlexMono-SemiBoldItalic.ttf */ = {isa = PBXFileReference; explicitFileType = undefined; fileEncoding = 9; includeInIndex = 0; lastKnownFileType = unknown; name = "IBMPlexMono-SemiBoldItalic.ttf"; path = "../src/assets/fonts/ibm_plex_mono/IBMPlexMono-SemiBoldItalic.ttf"; sourceTree = "<group>"; };
		76147697930947939D586DB3 /* IBMPlexSans-ExtraLight.ttf */ = {isa = PBXFileReference; explicitFileType = undefined; fileEncoding = 9; includeInIndex = 0; lastKnownFileType = unknown; name = "IBMPlexSans-ExtraLight.ttf"; path = "../src/assets/fonts/ibm_plex_sans/IBMPlexSans-ExtraLight.ttf"; sourceTree = "<group>"; };
		767ECDD9B9104F93B680572D /* NostromoRegular-Medium.otf */ = {isa = PBXFileReference; explicitFileType = undefined; fileEncoding = 9; includeInIndex = 0; lastKnownFileType = unknown; name = "NostromoRegular-Medium.otf"; path = "../src/assets/fonts/nostromo_regular/NostromoRegular-Medium.otf"; sourceTree = "<group>"; };
		7A99992FA9A141B7A66232A2 /* WorkSans-ExtraLight.ttf */ = {isa = PBXFileReference; explicitFileType = undefined; fileEncoding = undefined; includeInIndex = 0; lastKnownFileType = unknown; name = "WorkSans-ExtraLight.ttf"; path = "../src/assets/fonts/Work_Sans/static/WorkSans-ExtraLight.ttf"; sourceTree = "<group>"; };
		7ED2110D8919421CAD8449B1 /* WorkSans-ThinItalic.ttf */ = {isa = PBXFileReference; explicitFileType = undefined; fileEncoding = undefined; includeInIndex = 0; lastKnownFileType = unknown; name = "WorkSans-ThinItalic.ttf"; path = "../src/assets/fonts/Work_Sans/static/WorkSans-ThinItalic.ttf"; sourceTree = "<group>"; };
		80E3EE540A654F83A25488B2 /* IBMPlexMono-SemiBold.ttf */ = {isa = PBXFileReference; explicitFileType = undefined; fileEncoding = 9; includeInIndex = 0; lastKnownFileType = unknown; name = "IBMPlexMono-SemiBold.ttf"; path = "../src/assets/fonts/ibm_plex_mono/IBMPlexMono-SemiBold.ttf"; sourceTree = "<group>"; };
		81AB9BB72411601600AC10FF /* LaunchScreen.storyboard */ = {isa = PBXFileReference; fileEncoding = 4; lastKnownFileType = file.storyboard; name = LaunchScreen.storyboard; path = DoxleRN/LaunchScreen.storyboard; sourceTree = "<group>"; };
		825E11D02BDD4ADB8B72C7B8 /* README.txt */ = {isa = PBXFileReference; explicitFileType = undefined; fileEncoding = undefined; includeInIndex = 0; lastKnownFileType = unknown; name = README.txt; path = ../src/assets/fonts/Work_Sans/README.txt; sourceTree = "<group>"; };
		89C6BE57DB24E9ADA2F236DE /* Pods-DoxleRN-DoxleRNTests.release.xcconfig */ = {isa = PBXFileReference; includeInIndex = 1; lastKnownFileType = text.xcconfig; name = "Pods-DoxleRN-DoxleRNTests.release.xcconfig"; path = "Target Support Files/Pods-DoxleRN-DoxleRNTests/Pods-DoxleRN-DoxleRNTests.release.xcconfig"; sourceTree = "<group>"; };
		8AD8D7EB822A47798105B1F9 /* WorkSans-MediumItalic.ttf */ = {isa = PBXFileReference; explicitFileType = undefined; fileEncoding = undefined; includeInIndex = 0; lastKnownFileType = unknown; name = "WorkSans-MediumItalic.ttf"; path = "../src/assets/fonts/Work_Sans/static/WorkSans-MediumItalic.ttf"; sourceTree = "<group>"; };
		912C6426CBC944C9A2051341 /* WorkSans-Italic.ttf */ = {isa = PBXFileReference; explicitFileType = undefined; fileEncoding = undefined; includeInIndex = 0; lastKnownFileType = unknown; name = "WorkSans-Italic.ttf"; path = "../src/assets/fonts/Work_Sans/static/WorkSans-Italic.ttf"; sourceTree = "<group>"; };
		91E0EDEF20204941B44D450C /* IBMPlexSans-ExtraLightItalic.ttf */ = {isa = PBXFileReference; explicitFileType = undefined; fileEncoding = 9; includeInIndex = 0; lastKnownFileType = unknown; name = "IBMPlexSans-ExtraLightItalic.ttf"; path = "../src/assets/fonts/ibm_plex_sans/IBMPlexSans-ExtraLightItalic.ttf"; sourceTree = "<group>"; };
		9540DED06BB242BCA490A1A5 /* IBMPlexSans-Bold.ttf */ = {isa = PBXFileReference; explicitFileType = undefined; fileEncoding = 9; includeInIndex = 0; lastKnownFileType = unknown; name = "IBMPlexSans-Bold.ttf"; path = "../src/assets/fonts/ibm_plex_sans/IBMPlexSans-Bold.ttf"; sourceTree = "<group>"; };
		97CFCFF7A0BE4B1798D0673E /* IBMPlexSans-Italic.ttf */ = {isa = PBXFileReference; explicitFileType = undefined; fileEncoding = 9; includeInIndex = 0; lastKnownFileType = unknown; name = "IBMPlexSans-Italic.ttf"; path = "../src/assets/fonts/ibm_plex_sans/IBMPlexSans-Italic.ttf"; sourceTree = "<group>"; };
		99D50E8A7BE84DAEB28EB7FB /* WorkSans-Light.ttf */ = {isa = PBXFileReference; explicitFileType = undefined; fileEncoding = undefined; includeInIndex = 0; lastKnownFileType = unknown; name = "WorkSans-Light.ttf"; path = "../src/assets/fonts/Work_Sans/static/WorkSans-Light.ttf"; sourceTree = "<group>"; };
		A4CE96A3A57D46F8AA723B16 /* WorkSans-ExtraBold.ttf */ = {isa = PBXFileReference; explicitFileType = undefined; fileEncoding = undefined; includeInIndex = 0; lastKnownFileType = unknown; name = "WorkSans-ExtraBold.ttf"; path = "../src/assets/fonts/Work_Sans/static/WorkSans-ExtraBold.ttf"; sourceTree = "<group>"; };
		A54E1FC51625499198F59DCC /* WorkSans-ExtraBoldItalic.ttf */ = {isa = PBXFileReference; explicitFileType = undefined; fileEncoding = undefined; includeInIndex = 0; lastKnownFileType = unknown; name = "WorkSans-ExtraBoldItalic.ttf"; path = "../src/assets/fonts/Work_Sans/static/WorkSans-ExtraBoldItalic.ttf"; sourceTree = "<group>"; };
		A8BE63619E804769B69E5806 /* IBMPlexSans-Thin.ttf */ = {isa = PBXFileReference; explicitFileType = undefined; fileEncoding = 9; includeInIndex = 0; lastKnownFileType = unknown; name = "IBMPlexSans-Thin.ttf"; path = "../src/assets/fonts/ibm_plex_sans/IBMPlexSans-Thin.ttf"; sourceTree = "<group>"; };
		AD01777BBC9746FFB10293F0 /* OFL.txt */ = {isa = PBXFileReference; explicitFileType = undefined; fileEncoding = 9; includeInIndex = 0; lastKnownFileType = unknown; name = OFL.txt; path = ../src/assets/fonts/ibm_plex_sans/OFL.txt; sourceTree = "<group>"; };
		AFE3A53CEE2D40AF85E3FF8A /* NostromoRegular-Bold.otf */ = {isa = PBXFileReference; explicitFileType = undefined; fileEncoding = 9; includeInIndex = 0; lastKnownFileType = unknown; name = "NostromoRegular-Bold.otf"; path = "../src/assets/fonts/nostromo_regular/NostromoRegular-Bold.otf"; sourceTree = "<group>"; };
		B88B0108E9B9473EA130A99F /* IBMPlexSans-SemiBold.ttf */ = {isa = PBXFileReference; explicitFileType = undefined; fileEncoding = 9; includeInIndex = 0; lastKnownFileType = unknown; name = "IBMPlexSans-SemiBold.ttf"; path = "../src/assets/fonts/ibm_plex_sans/IBMPlexSans-SemiBold.ttf"; sourceTree = "<group>"; };
		BF73DDA073F04ACB95E58B3D /* WorkSans-Thin.ttf */ = {isa = PBXFileReference; explicitFileType = undefined; fileEncoding = undefined; includeInIndex = 0; lastKnownFileType = unknown; name = "WorkSans-Thin.ttf"; path = "../src/assets/fonts/Work_Sans/static/WorkSans-Thin.ttf"; sourceTree = "<group>"; };
		C08FD168E0DF430398FD48F0 /* IBMPlexMono-Thin.ttf */ = {isa = PBXFileReference; explicitFileType = undefined; fileEncoding = 9; includeInIndex = 0; lastKnownFileType = unknown; name = "IBMPlexMono-Thin.ttf"; path = "../src/assets/fonts/ibm_plex_mono/IBMPlexMono-Thin.ttf"; sourceTree = "<group>"; };
		C2E44D81992A4E94A0C1730E /* IBMPlexSans-BoldItalic.ttf */ = {isa = PBXFileReference; explicitFileType = undefined; fileEncoding = 9; includeInIndex = 0; lastKnownFileType = unknown; name = "IBMPlexSans-BoldItalic.ttf"; path = "../src/assets/fonts/ibm_plex_sans/IBMPlexSans-BoldItalic.ttf"; sourceTree = "<group>"; };
		C9210CB0D769463784DCFA2F /* NostromoRegular-Light.otf */ = {isa = PBXFileReference; explicitFileType = undefined; fileEncoding = 9; includeInIndex = 0; lastKnownFileType = unknown; name = "NostromoRegular-Light.otf"; path = "../src/assets/fonts/nostromo_regular/NostromoRegular-Light.otf"; sourceTree = "<group>"; };
		CEAB91BB37FE434BBF8A1F21 /* NostromoRegular-Black.otf */ = {isa = PBXFileReference; explicitFileType = undefined; fileEncoding = 9; includeInIndex = 0; lastKnownFileType = unknown; name = "NostromoRegular-Black.otf"; path = "../src/assets/fonts/nostromo_regular/NostromoRegular-Black.otf"; sourceTree = "<group>"; };
		E1FCAE3280884DE685DFA8A1 /* IBMPlexMono-LightItalic.ttf */ = {isa = PBXFileReference; explicitFileType = undefined; fileEncoding = 9; includeInIndex = 0; lastKnownFileType = unknown; name = "IBMPlexMono-LightItalic.ttf"; path = "../src/assets/fonts/ibm_plex_mono/IBMPlexMono-LightItalic.ttf"; sourceTree = "<group>"; };
		E7682AD30F764A15BD0BD1F6 /* WorkSans-Medium.ttf */ = {isa = PBXFileReference; explicitFileType = undefined; fileEncoding = undefined; includeInIndex = 0; lastKnownFileType = unknown; name = "WorkSans-Medium.ttf"; path = "../src/assets/fonts/Work_Sans/static/WorkSans-Medium.ttf"; sourceTree = "<group>"; };
		E99D86FF9A584173ACD1228D /* WorkSans-SemiBoldItalic.ttf */ = {isa = PBXFileReference; explicitFileType = undefined; fileEncoding = undefined; includeInIndex = 0; lastKnownFileType = unknown; name = "WorkSans-SemiBoldItalic.ttf"; path = "../src/assets/fonts/Work_Sans/static/WorkSans-SemiBoldItalic.ttf"; sourceTree = "<group>"; };
		ED297162215061F000B7C4FE /* JavaScriptCore.framework */ = {isa = PBXFileReference; lastKnownFileType = wrapper.framework; name = JavaScriptCore.framework; path = System/Library/Frameworks/JavaScriptCore.framework; sourceTree = SDKROOT; };
		EEAF5BDD4FA9482EA2E4637B /* WorkSans-ExtraLightItalic.ttf */ = {isa = PBXFileReference; explicitFileType = undefined; fileEncoding = undefined; includeInIndex = 0; lastKnownFileType = unknown; name = "WorkSans-ExtraLightItalic.ttf"; path = "../src/assets/fonts/Work_Sans/static/WorkSans-ExtraLightItalic.ttf"; sourceTree = "<group>"; };
		EF1F3B26E0DA43BF8C08E8B3 /* WorkSans-Regular.ttf */ = {isa = PBXFileReference; explicitFileType = undefined; fileEncoding = undefined; includeInIndex = 0; lastKnownFileType = unknown; name = "WorkSans-Regular.ttf"; path = "../src/assets/fonts/Work_Sans/static/WorkSans-Regular.ttf"; sourceTree = "<group>"; };
		EF4E55778E544068A5336D25 /* WorkSans-BoldItalic.ttf */ = {isa = PBXFileReference; explicitFileType = undefined; fileEncoding = undefined; includeInIndex = 0; lastKnownFileType = unknown; name = "WorkSans-BoldItalic.ttf"; path = "../src/assets/fonts/Work_Sans/static/WorkSans-BoldItalic.ttf"; sourceTree = "<group>"; };
		F392286839CA4CB8907BBA5F /* IBMPlexSans-SemiBoldItalic.ttf */ = {isa = PBXFileReference; explicitFileType = undefined; fileEncoding = 9; includeInIndex = 0; lastKnownFileType = unknown; name = "IBMPlexSans-SemiBoldItalic.ttf"; path = "../src/assets/fonts/ibm_plex_sans/IBMPlexSans-SemiBoldItalic.ttf"; sourceTree = "<group>"; };
		F605B56C02234F74918A6267 /* IBMPlexMono-MediumItalic.ttf */ = {isa = PBXFileReference; explicitFileType = undefined; fileEncoding = 9; includeInIndex = 0; lastKnownFileType = unknown; name = "IBMPlexMono-MediumItalic.ttf"; path = "../src/assets/fonts/ibm_plex_mono/IBMPlexMono-MediumItalic.ttf"; sourceTree = "<group>"; };
		FEF62B4B72A341698F2E5258 /* IBMPlexMono-Bold.ttf */ = {isa = PBXFileReference; explicitFileType = undefined; fileEncoding = 9; includeInIndex = 0; lastKnownFileType = unknown; name = "IBMPlexMono-Bold.ttf"; path = "../src/assets/fonts/ibm_plex_mono/IBMPlexMono-Bold.ttf"; sourceTree = "<group>"; };
/* End PBXFileReference section */

/* Begin PBXFrameworksBuildPhase section */
		00E356EB1AD99517003FC87E /* Frameworks */ = {
			isa = PBXFrameworksBuildPhase;
			buildActionMask = 2147483647;
			files = (
				7699B88040F8A987B510C191 /* libPods-DoxleRN-DoxleRNTests.a in Frameworks */,
			);
			runOnlyForDeploymentPostprocessing = 0;
		};
		13B07F8C1A680F5B00A75B9A /* Frameworks */ = {
			isa = PBXFrameworksBuildPhase;
			buildActionMask = 2147483647;
			files = (
				0C80B921A6F3F58F76C31292 /* libPods-DoxleRN.a in Frameworks */,
			);
			runOnlyForDeploymentPostprocessing = 0;
		};
/* End PBXFrameworksBuildPhase section */

/* Begin PBXGroup section */
		00E356EF1AD99517003FC87E /* DoxleRNTests */ = {
			isa = PBXGroup;
			children = (
				00E356F21AD99517003FC87E /* DoxleRNTests.m */,
				00E356F01AD99517003FC87E /* Supporting Files */,
			);
			path = DoxleRNTests;
			sourceTree = "<group>";
		};
		00E356F01AD99517003FC87E /* Supporting Files */ = {
			isa = PBXGroup;
			children = (
				00E356F11AD99517003FC87E /* Info.plist */,
			);
			name = "Supporting Files";
			sourceTree = "<group>";
		};
		13B07FAE1A68108700A75B9A /* DoxleRN */ = {
			isa = PBXGroup;
			children = (
				13B07FAF1A68108700A75B9A /* AppDelegate.h */,
				13B07FB01A68108700A75B9A /* AppDelegate.mm */,
				13B07FB51A68108700A75B9A /* Images.xcassets */,
				13B07FB61A68108700A75B9A /* Info.plist */,
				81AB9BB72411601600AC10FF /* LaunchScreen.storyboard */,
				13B07FB71A68108700A75B9A /* main.m */,
			);
			name = DoxleRN;
			sourceTree = "<group>";
		};
		2D16E6871FA4F8E400B85C8A /* Frameworks */ = {
			isa = PBXGroup;
			children = (
				ED297162215061F000B7C4FE /* JavaScriptCore.framework */,
				5DCACB8F33CDC322A6C60F78 /* libPods-DoxleRN.a */,
				19F6CBCC0A4E27FBF8BF4A61 /* libPods-DoxleRN-DoxleRNTests.a */,
			);
			name = Frameworks;
			sourceTree = "<group>";
		};
		832341AE1AAA6A7D00B99B32 /* Libraries */ = {
			isa = PBXGroup;
			children = (
			);
			name = Libraries;
			sourceTree = "<group>";
		};
		83CBB9F61A601CBA00E9B192 = {
			isa = PBXGroup;
			children = (
				13B07FAE1A68108700A75B9A /* DoxleRN */,
				832341AE1AAA6A7D00B99B32 /* Libraries */,
				00E356EF1AD99517003FC87E /* DoxleRNTests */,
				83CBBA001A601CBA00E9B192 /* Products */,
				2D16E6871FA4F8E400B85C8A /* Frameworks */,
				BBD78D7AC51CEA395F1C20DB /* Pods */,
				F92384B896B04B95B05EFCAA /* Resources */,
			);
			indentWidth = 2;
			sourceTree = "<group>";
			tabWidth = 2;
			usesTabs = 0;
		};
		83CBBA001A601CBA00E9B192 /* Products */ = {
			isa = PBXGroup;
			children = (
				13B07F961A680F5B00A75B9A /* DoxleRN.app */,
				00E356EE1AD99517003FC87E /* DoxleRNTests.xctest */,
			);
			name = Products;
			sourceTree = "<group>";
		};
		BBD78D7AC51CEA395F1C20DB /* Pods */ = {
			isa = PBXGroup;
			children = (
				3B4392A12AC88292D35C810B /* Pods-DoxleRN.debug.xcconfig */,
				5709B34CF0A7D63546082F79 /* Pods-DoxleRN.release.xcconfig */,
				5B7EB9410499542E8C5724F5 /* Pods-DoxleRN-DoxleRNTests.debug.xcconfig */,
				89C6BE57DB24E9ADA2F236DE /* Pods-DoxleRN-DoxleRNTests.release.xcconfig */,
			);
			path = Pods;
			sourceTree = "<group>";
		};
		F92384B896B04B95B05EFCAA /* Resources */ = {
			isa = PBXGroup;
			children = (
				CEAB91BB37FE434BBF8A1F21 /* NostromoRegular-Black.otf */,
				AFE3A53CEE2D40AF85E3FF8A /* NostromoRegular-Bold.otf */,
				12DF591E90754F28A311F1BF /* NostromoRegular-Heavy.otf */,
				C9210CB0D769463784DCFA2F /* NostromoRegular-Light.otf */,
				767ECDD9B9104F93B680572D /* NostromoRegular-Medium.otf */,
				FEF62B4B72A341698F2E5258 /* IBMPlexMono-Bold.ttf */,
				4CA5192B51D345308D87B523 /* IBMPlexMono-BoldItalic.ttf */,
				32C40772E4834FAA81FF63D6 /* IBMPlexMono-ExtraLight.ttf */,
				489B7D190A324D3DBBB664DB /* IBMPlexMono-ExtraLightItalic.ttf */,
				22CB8E4D197546E8AF4E9892 /* IBMPlexMono-Italic.ttf */,
				5492B48E1AAC4D4691FF0A4A /* IBMPlexMono-Light.ttf */,
				E1FCAE3280884DE685DFA8A1 /* IBMPlexMono-LightItalic.ttf */,
				16A1369D393C4DF29CD70CD5 /* IBMPlexMono-Medium.ttf */,
				F605B56C02234F74918A6267 /* IBMPlexMono-MediumItalic.ttf */,
				62CC287A9D3145439F66AB73 /* IBMPlexMono-Regular.ttf */,
				80E3EE540A654F83A25488B2 /* IBMPlexMono-SemiBold.ttf */,
				6D8EE39DC9FD47ADBFFC949F /* IBMPlexMono-SemiBoldItalic.ttf */,
				C08FD168E0DF430398FD48F0 /* IBMPlexMono-Thin.ttf */,
				5AE7F439F51C48218559E586 /* IBMPlexMono-ThinItalic.ttf */,
				9540DED06BB242BCA490A1A5 /* IBMPlexSans-Bold.ttf */,
				C2E44D81992A4E94A0C1730E /* IBMPlexSans-BoldItalic.ttf */,
				76147697930947939D586DB3 /* IBMPlexSans-ExtraLight.ttf */,
				91E0EDEF20204941B44D450C /* IBMPlexSans-ExtraLightItalic.ttf */,
				97CFCFF7A0BE4B1798D0673E /* IBMPlexSans-Italic.ttf */,
				3BAD6B5B067040F1B281129E /* IBMPlexSans-Light.ttf */,
				53AC927E481842A3BC3DBC6B /* IBMPlexSans-LightItalic.ttf */,
				302EA1195B534D60903043FB /* IBMPlexSans-Medium.ttf */,
				6D20164CC8354FBBBA341401 /* IBMPlexSans-MediumItalic.ttf */,
				0A511270E94C471EAC18EE49 /* IBMPlexSans-Regular.ttf */,
				B88B0108E9B9473EA130A99F /* IBMPlexSans-SemiBold.ttf */,
				F392286839CA4CB8907BBA5F /* IBMPlexSans-SemiBoldItalic.ttf */,
				A8BE63619E804769B69E5806 /* IBMPlexSans-Thin.ttf */,
				421F8A97614C4B04B2943228 /* IBMPlexSans-ThinItalic.ttf */,
				64E0253CD22D4948A52105B0 /* OFL.txt */,
				AD01777BBC9746FFB10293F0 /* OFL.txt */,
				018F2BA321824C1F9D8C68F8 /* WorkSans-Italic-VariableFont_wght.ttf */,
				1F6E4A80257C4931B342BC05 /* WorkSans-VariableFont_wght.ttf */,
				179AC7A6C17E42EBBF1962E9 /* WorkSans-Black.ttf */,
				2CA22D7D108B419EA50DFC77 /* WorkSans-BlackItalic.ttf */,
				5189381455A04BD9A97F4AF0 /* WorkSans-Bold.ttf */,
				EF4E55778E544068A5336D25 /* WorkSans-BoldItalic.ttf */,
				A4CE96A3A57D46F8AA723B16 /* WorkSans-ExtraBold.ttf */,
				A54E1FC51625499198F59DCC /* WorkSans-ExtraBoldItalic.ttf */,
				7A99992FA9A141B7A66232A2 /* WorkSans-ExtraLight.ttf */,
				EEAF5BDD4FA9482EA2E4637B /* WorkSans-ExtraLightItalic.ttf */,
				912C6426CBC944C9A2051341 /* WorkSans-Italic.ttf */,
				99D50E8A7BE84DAEB28EB7FB /* WorkSans-Light.ttf */,
				435EF12879064D2891537E39 /* WorkSans-LightItalic.ttf */,
				E7682AD30F764A15BD0BD1F6 /* WorkSans-Medium.ttf */,
				8AD8D7EB822A47798105B1F9 /* WorkSans-MediumItalic.ttf */,
				EF1F3B26E0DA43BF8C08E8B3 /* WorkSans-Regular.ttf */,
				58979A82AD374F0F89AA9DB7 /* WorkSans-SemiBold.ttf */,
				E99D86FF9A584173ACD1228D /* WorkSans-SemiBoldItalic.ttf */,
				BF73DDA073F04ACB95E58B3D /* WorkSans-Thin.ttf */,
				7ED2110D8919421CAD8449B1 /* WorkSans-ThinItalic.ttf */,
				60A1021BD4E749B0B9CE0152 /* OFL.txt */,
				825E11D02BDD4ADB8B72C7B8 /* README.txt */,
			);
			name = Resources;
			sourceTree = "<group>";
		};
/* End PBXGroup section */

/* Begin PBXNativeTarget section */
		00E356ED1AD99517003FC87E /* DoxleRNTests */ = {
			isa = PBXNativeTarget;
			buildConfigurationList = 00E357021AD99517003FC87E /* Build configuration list for PBXNativeTarget "DoxleRNTests" */;
			buildPhases = (
				A55EABD7B0C7F3A422A6CC61 /* [CP] Check Pods Manifest.lock */,
				00E356EA1AD99517003FC87E /* Sources */,
				00E356EB1AD99517003FC87E /* Frameworks */,
				00E356EC1AD99517003FC87E /* Resources */,
				C59DA0FBD6956966B86A3779 /* [CP] Embed Pods Frameworks */,
				F6A41C54EA430FDDC6A6ED99 /* [CP] Copy Pods Resources */,
			);
			buildRules = (
			);
			dependencies = (
				00E356F51AD99517003FC87E /* PBXTargetDependency */,
			);
			name = DoxleRNTests;
			productName = DoxleRNTests;
			productReference = 00E356EE1AD99517003FC87E /* DoxleRNTests.xctest */;
			productType = "com.apple.product-type.bundle.unit-test";
		};
		13B07F861A680F5B00A75B9A /* DoxleRN */ = {
			isa = PBXNativeTarget;
			buildConfigurationList = 13B07F931A680F5B00A75B9A /* Build configuration list for PBXNativeTarget "DoxleRN" */;
			buildPhases = (
				C38B50BA6285516D6DCD4F65 /* [CP] Check Pods Manifest.lock */,
				FD10A7F022414F080027D42C /* Start Packager */,
				13B07F871A680F5B00A75B9A /* Sources */,
				13B07F8C1A680F5B00A75B9A /* Frameworks */,
				13B07F8E1A680F5B00A75B9A /* Resources */,
				00DD1BFF1BD5951E006B06BC /* Bundle React Native code and images */,
				00EEFC60759A1932668264C0 /* [CP] Embed Pods Frameworks */,
				E235C05ADACE081382539298 /* [CP] Copy Pods Resources */,
			);
			buildRules = (
			);
			dependencies = (
			);
			name = DoxleRN;
			productName = DoxleRN;
			productReference = 13B07F961A680F5B00A75B9A /* DoxleRN.app */;
			productType = "com.apple.product-type.application";
		};
/* End PBXNativeTarget section */

/* Begin PBXProject section */
		83CBB9F71A601CBA00E9B192 /* Project object */ = {
			isa = PBXProject;
			attributes = {
				LastUpgradeCheck = 1210;
				TargetAttributes = {
					00E356ED1AD99517003FC87E = {
						CreatedOnToolsVersion = 6.2;
						TestTargetID = 13B07F861A680F5B00A75B9A;
					};
					13B07F861A680F5B00A75B9A = {
						LastSwiftMigration = 1120;
					};
				};
			};
			buildConfigurationList = 83CBB9FA1A601CBA00E9B192 /* Build configuration list for PBXProject "DoxleRN" */;
			compatibilityVersion = "Xcode 12.0";
			developmentRegion = en;
			hasScannedForEncodings = 0;
			knownRegions = (
				en,
				Base,
			);
			mainGroup = 83CBB9F61A601CBA00E9B192;
			productRefGroup = 83CBBA001A601CBA00E9B192 /* Products */;
			projectDirPath = "";
			projectRoot = "";
			targets = (
				13B07F861A680F5B00A75B9A /* DoxleRN */,
				00E356ED1AD99517003FC87E /* DoxleRNTests */,
			);
		};
/* End PBXProject section */

/* Begin PBXResourcesBuildPhase section */
		00E356EC1AD99517003FC87E /* Resources */ = {
			isa = PBXResourcesBuildPhase;
			buildActionMask = 2147483647;
			files = (
			);
			runOnlyForDeploymentPostprocessing = 0;
		};
		13B07F8E1A680F5B00A75B9A /* Resources */ = {
			isa = PBXResourcesBuildPhase;
			buildActionMask = 2147483647;
			files = (
				81AB9BB82411601600AC10FF /* LaunchScreen.storyboard in Resources */,
				13B07FBF1A68108700A75B9A /* Images.xcassets in Resources */,
				CA4B9BCF64AB4ECBAE2AEA99 /* NostromoRegular-Black.otf in Resources */,
				0244D9880FAE4EEDAECADF1C /* NostromoRegular-Bold.otf in Resources */,
				BB0C24C4465E4E9185AC9358 /* NostromoRegular-Heavy.otf in Resources */,
				404BF7E6D8064F1697754B58 /* NostromoRegular-Light.otf in Resources */,
				5A450DE583B748B898A55550 /* NostromoRegular-Medium.otf in Resources */,
				346E71FE0E1F4AD4BF68D7CA /* IBMPlexMono-Bold.ttf in Resources */,
				59970A0C6465452D883BB8B8 /* IBMPlexMono-BoldItalic.ttf in Resources */,
				C84780823CF84551970B7C62 /* IBMPlexMono-ExtraLight.ttf in Resources */,
				180CF2A125E942FB8B3E2BA1 /* IBMPlexMono-ExtraLightItalic.ttf in Resources */,
				DD3C0ECE6FF64D059BAF664E /* IBMPlexMono-Italic.ttf in Resources */,
				EF93FFCC0E1744C5AF559F41 /* IBMPlexMono-Light.ttf in Resources */,
				74270DBF84DA437B840885F1 /* IBMPlexMono-LightItalic.ttf in Resources */,
				8723C53B26994AFBB0E0D013 /* IBMPlexMono-Medium.ttf in Resources */,
				7303CDF940DB48D8B0ACE98F /* IBMPlexMono-MediumItalic.ttf in Resources */,
				8EFBBFEAA2384B308FCD9876 /* IBMPlexMono-Regular.ttf in Resources */,
				B1C6154D981C4676870DC734 /* IBMPlexMono-SemiBold.ttf in Resources */,
				466B90C5989A4C59B9E8BB31 /* IBMPlexMono-SemiBoldItalic.ttf in Resources */,
				8EC2A260070F40EEB007C55A /* IBMPlexMono-Thin.ttf in Resources */,
				16076B5784104DB085E71EC7 /* IBMPlexMono-ThinItalic.ttf in Resources */,
				FDC32C6F1F884AC2B1903D23 /* IBMPlexSans-Bold.ttf in Resources */,
				00C019C677714E85902E55DA /* IBMPlexSans-BoldItalic.ttf in Resources */,
				714BC02007E94FEB9CB86184 /* IBMPlexSans-ExtraLight.ttf in Resources */,
				D157163682634CA1B5EC2989 /* IBMPlexSans-ExtraLightItalic.ttf in Resources */,
				68FB6B2395614D4F91DF34B2 /* IBMPlexSans-Italic.ttf in Resources */,
				5A547B0A91A74A97894FC367 /* IBMPlexSans-Light.ttf in Resources */,
				114E7C25B74F4045B1A174EC /* IBMPlexSans-LightItalic.ttf in Resources */,
				116ED30328F24BE6B32FBEB8 /* IBMPlexSans-Medium.ttf in Resources */,
				BB8E158A213B409DBE85DF72 /* IBMPlexSans-MediumItalic.ttf in Resources */,
				AB8C0C7B0A4C48E487F5D0E1 /* IBMPlexSans-Regular.ttf in Resources */,
				43BCEFDAC9FC4A87899CBB23 /* IBMPlexSans-SemiBold.ttf in Resources */,
				79115470954844C8ADDF9E27 /* IBMPlexSans-SemiBoldItalic.ttf in Resources */,
				982AD77FBCE8405ABE1C4A34 /* IBMPlexSans-Thin.ttf in Resources */,
				23519D83431C4F40BF61A7CC /* IBMPlexSans-ThinItalic.ttf in Resources */,
				E1BEFE03A4824CFA88B061AE /* WorkSans-Italic-VariableFont_wght.ttf in Resources */,
				3683A20CEEE24259BB03B569 /* WorkSans-VariableFont_wght.ttf in Resources */,
				172F54A99022468083F4FC7C /* WorkSans-Black.ttf in Resources */,
				FA43661A22B64E1FA8601D52 /* WorkSans-BlackItalic.ttf in Resources */,
				EF18476BF5104F56AEBC61B6 /* WorkSans-Bold.ttf in Resources */,
				00F5989DF5CF4FB8A4A456B6 /* WorkSans-BoldItalic.ttf in Resources */,
				361B7A2188B849668F832409 /* WorkSans-ExtraBold.ttf in Resources */,
				33E52C2014214CADA200DE6B /* WorkSans-ExtraBoldItalic.ttf in Resources */,
				F293C5A83FE64F33871F6CE0 /* WorkSans-ExtraLight.ttf in Resources */,
				B75EDAB2536A4B0585AD685D /* WorkSans-ExtraLightItalic.ttf in Resources */,
				172CD8F0D3A44B728616A065 /* WorkSans-Italic.ttf in Resources */,
				E2AD5F905AFF47B2A74F70F2 /* WorkSans-Light.ttf in Resources */,
				424DF222B5AD425FA72C51BA /* WorkSans-LightItalic.ttf in Resources */,
				BEB55EE1AE5F4A478A712F3E /* WorkSans-Medium.ttf in Resources */,
				5C61FF991D8A42E1BEDA456F /* WorkSans-MediumItalic.ttf in Resources */,
				228C5F6C9C82464BAE2EA469 /* WorkSans-Regular.ttf in Resources */,
				6EF08AFA5F954B388D400B10 /* WorkSans-SemiBold.ttf in Resources */,
				30B249AED1084C4089976E19 /* WorkSans-SemiBoldItalic.ttf in Resources */,
				F88982D1C5CE48D9A354D55B /* WorkSans-Thin.ttf in Resources */,
				E4AA8F6836304F1DA5CD9D8B /* WorkSans-ThinItalic.ttf in Resources */,
				1833E69C1BB9430395C189FD /* OFL.txt in Resources */,
				1F3D32C6830B43DBA9319822 /* README.txt in Resources */,
			);
			runOnlyForDeploymentPostprocessing = 0;
		};
/* End PBXResourcesBuildPhase section */

/* Begin PBXShellScriptBuildPhase section */
		00DD1BFF1BD5951E006B06BC /* Bundle React Native code and images */ = {
			isa = PBXShellScriptBuildPhase;
			buildActionMask = 2147483647;
			files = (
			);
			inputPaths = (
				"$(SRCROOT)/.xcode.env.local",
				"$(SRCROOT)/.xcode.env",
			);
			name = "Bundle React Native code and images";
			outputPaths = (
			);
			runOnlyForDeploymentPostprocessing = 0;
			shellPath = /bin/sh;
			shellScript = "set -e\n\nWITH_ENVIRONMENT=\"../node_modules/react-native/scripts/xcode/with-environment.sh\"\nREACT_NATIVE_XCODE=\"../node_modules/react-native/scripts/react-native-xcode.sh\"\n\n/bin/sh -c \"$WITH_ENVIRONMENT $REACT_NATIVE_XCODE\"\n";
		};
		00EEFC60759A1932668264C0 /* [CP] Embed Pods Frameworks */ = {
			isa = PBXShellScriptBuildPhase;
			buildActionMask = 2147483647;
			files = (
			);
			inputFileListPaths = (
				"${PODS_ROOT}/Target Support Files/Pods-DoxleRN/Pods-DoxleRN-frameworks-${CONFIGURATION}-input-files.xcfilelist",
			);
			name = "[CP] Embed Pods Frameworks";
			outputFileListPaths = (
				"${PODS_ROOT}/Target Support Files/Pods-DoxleRN/Pods-DoxleRN-frameworks-${CONFIGURATION}-output-files.xcfilelist",
			);
			runOnlyForDeploymentPostprocessing = 0;
			shellPath = /bin/sh;
			shellScript = "\"${PODS_ROOT}/Target Support Files/Pods-DoxleRN/Pods-DoxleRN-frameworks.sh\"\n";
			showEnvVarsInLog = 0;
		};
		A55EABD7B0C7F3A422A6CC61 /* [CP] Check Pods Manifest.lock */ = {
			isa = PBXShellScriptBuildPhase;
			buildActionMask = 2147483647;
			files = (
			);
			inputFileListPaths = (
			);
			inputPaths = (
				"${PODS_PODFILE_DIR_PATH}/Podfile.lock",
				"${PODS_ROOT}/Manifest.lock",
			);
			name = "[CP] Check Pods Manifest.lock";
			outputFileListPaths = (
			);
			outputPaths = (
				"$(DERIVED_FILE_DIR)/Pods-DoxleRN-DoxleRNTests-checkManifestLockResult.txt",
			);
			runOnlyForDeploymentPostprocessing = 0;
			shellPath = /bin/sh;
			shellScript = "diff \"${PODS_PODFILE_DIR_PATH}/Podfile.lock\" \"${PODS_ROOT}/Manifest.lock\" > /dev/null\nif [ $? != 0 ] ; then\n    # print error to STDERR\n    echo \"error: The sandbox is not in sync with the Podfile.lock. Run 'pod install' or update your CocoaPods installation.\" >&2\n    exit 1\nfi\n# This output is used by Xcode 'outputs' to avoid re-running this script phase.\necho \"SUCCESS\" > \"${SCRIPT_OUTPUT_FILE_0}\"\n";
			showEnvVarsInLog = 0;
		};
		C38B50BA6285516D6DCD4F65 /* [CP] Check Pods Manifest.lock */ = {
			isa = PBXShellScriptBuildPhase;
			buildActionMask = 2147483647;
			files = (
			);
			inputFileListPaths = (
			);
			inputPaths = (
				"${PODS_PODFILE_DIR_PATH}/Podfile.lock",
				"${PODS_ROOT}/Manifest.lock",
			);
			name = "[CP] Check Pods Manifest.lock";
			outputFileListPaths = (
			);
			outputPaths = (
				"$(DERIVED_FILE_DIR)/Pods-DoxleRN-checkManifestLockResult.txt",
			);
			runOnlyForDeploymentPostprocessing = 0;
			shellPath = /bin/sh;
			shellScript = "diff \"${PODS_PODFILE_DIR_PATH}/Podfile.lock\" \"${PODS_ROOT}/Manifest.lock\" > /dev/null\nif [ $? != 0 ] ; then\n    # print error to STDERR\n    echo \"error: The sandbox is not in sync with the Podfile.lock. Run 'pod install' or update your CocoaPods installation.\" >&2\n    exit 1\nfi\n# This output is used by Xcode 'outputs' to avoid re-running this script phase.\necho \"SUCCESS\" > \"${SCRIPT_OUTPUT_FILE_0}\"\n";
			showEnvVarsInLog = 0;
		};
		C59DA0FBD6956966B86A3779 /* [CP] Embed Pods Frameworks */ = {
			isa = PBXShellScriptBuildPhase;
			buildActionMask = 2147483647;
			files = (
			);
			inputFileListPaths = (
				"${PODS_ROOT}/Target Support Files/Pods-DoxleRN-DoxleRNTests/Pods-DoxleRN-DoxleRNTests-frameworks-${CONFIGURATION}-input-files.xcfilelist",
			);
			name = "[CP] Embed Pods Frameworks";
			outputFileListPaths = (
				"${PODS_ROOT}/Target Support Files/Pods-DoxleRN-DoxleRNTests/Pods-DoxleRN-DoxleRNTests-frameworks-${CONFIGURATION}-output-files.xcfilelist",
			);
			runOnlyForDeploymentPostprocessing = 0;
			shellPath = /bin/sh;
			shellScript = "\"${PODS_ROOT}/Target Support Files/Pods-DoxleRN-DoxleRNTests/Pods-DoxleRN-DoxleRNTests-frameworks.sh\"\n";
			showEnvVarsInLog = 0;
		};
		E235C05ADACE081382539298 /* [CP] Copy Pods Resources */ = {
			isa = PBXShellScriptBuildPhase;
			buildActionMask = 2147483647;
			files = (
			);
			inputFileListPaths = (
				"${PODS_ROOT}/Target Support Files/Pods-DoxleRN/Pods-DoxleRN-resources-${CONFIGURATION}-input-files.xcfilelist",
			);
			name = "[CP] Copy Pods Resources";
			outputFileListPaths = (
				"${PODS_ROOT}/Target Support Files/Pods-DoxleRN/Pods-DoxleRN-resources-${CONFIGURATION}-output-files.xcfilelist",
			);
			runOnlyForDeploymentPostprocessing = 0;
			shellPath = /bin/sh;
			shellScript = "\"${PODS_ROOT}/Target Support Files/Pods-DoxleRN/Pods-DoxleRN-resources.sh\"\n";
			showEnvVarsInLog = 0;
		};
		F6A41C54EA430FDDC6A6ED99 /* [CP] Copy Pods Resources */ = {
			isa = PBXShellScriptBuildPhase;
			buildActionMask = 2147483647;
			files = (
			);
			inputFileListPaths = (
				"${PODS_ROOT}/Target Support Files/Pods-DoxleRN-DoxleRNTests/Pods-DoxleRN-DoxleRNTests-resources-${CONFIGURATION}-input-files.xcfilelist",
			);
			name = "[CP] Copy Pods Resources";
			outputFileListPaths = (
				"${PODS_ROOT}/Target Support Files/Pods-DoxleRN-DoxleRNTests/Pods-DoxleRN-DoxleRNTests-resources-${CONFIGURATION}-output-files.xcfilelist",
			);
			runOnlyForDeploymentPostprocessing = 0;
			shellPath = /bin/sh;
			shellScript = "\"${PODS_ROOT}/Target Support Files/Pods-DoxleRN-DoxleRNTests/Pods-DoxleRN-DoxleRNTests-resources.sh\"\n";
			showEnvVarsInLog = 0;
		};
		FD10A7F022414F080027D42C /* Start Packager */ = {
			isa = PBXShellScriptBuildPhase;
			buildActionMask = 2147483647;
			files = (
			);
			inputFileListPaths = (
			);
			inputPaths = (
			);
			name = "Start Packager";
			outputFileListPaths = (
			);
			outputPaths = (
			);
			runOnlyForDeploymentPostprocessing = 0;
			shellPath = /bin/sh;
			shellScript = "export RCT_METRO_PORT=\"${RCT_METRO_PORT:=8081}\"\necho \"export RCT_METRO_PORT=${RCT_METRO_PORT}\" > \"${SRCROOT}/../node_modules/react-native/scripts/.packager.env\"\nif [ -z \"${RCT_NO_LAUNCH_PACKAGER+xxx}\" ] ; then\n  if nc -w 5 -z localhost ${RCT_METRO_PORT} ; then\n    if ! curl -s \"http://localhost:${RCT_METRO_PORT}/status\" | grep -q \"packager-status:running\" ; then\n      echo \"Port ${RCT_METRO_PORT} already in use, packager is either not running or not running correctly\"\n      exit 2\n    fi\n  else\n    open \"$SRCROOT/../node_modules/react-native/scripts/launchPackager.command\" || echo \"Can't start packager automatically\"\n  fi\nfi\n";
			showEnvVarsInLog = 0;
		};
/* End PBXShellScriptBuildPhase section */

/* Begin PBXSourcesBuildPhase section */
		00E356EA1AD99517003FC87E /* Sources */ = {
			isa = PBXSourcesBuildPhase;
			buildActionMask = 2147483647;
			files = (
				00E356F31AD99517003FC87E /* DoxleRNTests.m in Sources */,
			);
			runOnlyForDeploymentPostprocessing = 0;
		};
		13B07F871A680F5B00A75B9A /* Sources */ = {
			isa = PBXSourcesBuildPhase;
			buildActionMask = 2147483647;
			files = (
				13B07FBC1A68108700A75B9A /* AppDelegate.mm in Sources */,
				13B07FC11A68108700A75B9A /* main.m in Sources */,
			);
			runOnlyForDeploymentPostprocessing = 0;
		};
/* End PBXSourcesBuildPhase section */

/* Begin PBXTargetDependency section */
		00E356F51AD99517003FC87E /* PBXTargetDependency */ = {
			isa = PBXTargetDependency;
			target = 13B07F861A680F5B00A75B9A /* DoxleRN */;
			targetProxy = 00E356F41AD99517003FC87E /* PBXContainerItemProxy */;
		};
/* End PBXTargetDependency section */

/* Begin XCBuildConfiguration section */
		00E356F61AD99517003FC87E /* Debug */ = {
			isa = XCBuildConfiguration;
			baseConfigurationReference = 5B7EB9410499542E8C5724F5 /* Pods-DoxleRN-DoxleRNTests.debug.xcconfig */;
			buildSettings = {
				BUNDLE_LOADER = "$(TEST_HOST)";
				GCC_PREPROCESSOR_DEFINITIONS = (
					"DEBUG=1",
					"$(inherited)",
				);
				INFOPLIST_FILE = DoxleRNTests/Info.plist;
				IPHONEOS_DEPLOYMENT_TARGET = 12.4;
				LD_RUNPATH_SEARCH_PATHS = (
					"$(inherited)",
					"@executable_path/Frameworks",
					"@loader_path/Frameworks",
				);
				OTHER_LDFLAGS = (
					"-ObjC",
					"-lc++",
					"$(inherited)",
				);
				PRODUCT_BUNDLE_IDENTIFIER = "org.reactjs.native.example.$(PRODUCT_NAME:rfc1034identifier)";
				PRODUCT_NAME = "$(TARGET_NAME)";
				TEST_HOST = "$(BUILT_PRODUCTS_DIR)/DoxleRN.app/DoxleRN";
			};
			name = Debug;
		};
		00E356F71AD99517003FC87E /* Release */ = {
			isa = XCBuildConfiguration;
			baseConfigurationReference = 89C6BE57DB24E9ADA2F236DE /* Pods-DoxleRN-DoxleRNTests.release.xcconfig */;
			buildSettings = {
				BUNDLE_LOADER = "$(TEST_HOST)";
				COPY_PHASE_STRIP = NO;
				INFOPLIST_FILE = DoxleRNTests/Info.plist;
				IPHONEOS_DEPLOYMENT_TARGET = 12.4;
				LD_RUNPATH_SEARCH_PATHS = (
					"$(inherited)",
					"@executable_path/Frameworks",
					"@loader_path/Frameworks",
				);
				OTHER_LDFLAGS = (
					"-ObjC",
					"-lc++",
					"$(inherited)",
				);
				PRODUCT_BUNDLE_IDENTIFIER = "org.reactjs.native.example.$(PRODUCT_NAME:rfc1034identifier)";
				PRODUCT_NAME = "$(TARGET_NAME)";
				TEST_HOST = "$(BUILT_PRODUCTS_DIR)/DoxleRN.app/DoxleRN";
			};
			name = Release;
		};
		13B07F941A680F5B00A75B9A /* Debug */ = {
			isa = XCBuildConfiguration;
			baseConfigurationReference = 3B4392A12AC88292D35C810B /* Pods-DoxleRN.debug.xcconfig */;
			buildSettings = {
				ASSETCATALOG_COMPILER_APPICON_NAME = AppIcon;
				CLANG_ENABLE_MODULES = YES;
				CURRENT_PROJECT_VERSION = 1;
				DEVELOPMENT_TEAM = 9H8A5Z255H;
				ENABLE_BITCODE = NO;
				INFOPLIST_FILE = DoxleRN/Info.plist;
				LD_RUNPATH_SEARCH_PATHS = (
					"$(inherited)",
					"@executable_path/Frameworks",
				);
				MARKETING_VERSION = 1.0;
				OTHER_LDFLAGS = (
					"$(inherited)",
					"-ObjC",
					"-lc++",
				);
				PRODUCT_BUNDLE_IDENTIFIER = "org.reactjs.native.example.$(PRODUCT_NAME:rfc1034identifier)";
				PRODUCT_NAME = DoxleRN;
				SWIFT_OPTIMIZATION_LEVEL = "-Onone";
				SWIFT_VERSION = 5.0;
				VERSIONING_SYSTEM = "apple-generic";
			};
			name = Debug;
		};
		13B07F951A680F5B00A75B9A /* Release */ = {
			isa = XCBuildConfiguration;
			baseConfigurationReference = 5709B34CF0A7D63546082F79 /* Pods-DoxleRN.release.xcconfig */;
			buildSettings = {
				ASSETCATALOG_COMPILER_APPICON_NAME = AppIcon;
				CLANG_ENABLE_MODULES = YES;
				CURRENT_PROJECT_VERSION = 1;
				DEVELOPMENT_TEAM = 9H8A5Z255H;
				INFOPLIST_FILE = DoxleRN/Info.plist;
				LD_RUNPATH_SEARCH_PATHS = (
					"$(inherited)",
					"@executable_path/Frameworks",
				);
				MARKETING_VERSION = 1.0;
				OTHER_LDFLAGS = (
					"$(inherited)",
					"-ObjC",
					"-lc++",
				);
				PRODUCT_BUNDLE_IDENTIFIER = "org.reactjs.native.example.$(PRODUCT_NAME:rfc1034identifier)";
				PRODUCT_NAME = DoxleRN;
				SWIFT_VERSION = 5.0;
				VERSIONING_SYSTEM = "apple-generic";
			};
			name = Release;
		};
		83CBBA201A601CBA00E9B192 /* Debug */ = {
			isa = XCBuildConfiguration;
			buildSettings = {
				ALWAYS_SEARCH_USER_PATHS = NO;
				CLANG_ANALYZER_LOCALIZABILITY_NONLOCALIZED = YES;
				CLANG_CXX_LANGUAGE_STANDARD = "c++17";
				CLANG_CXX_LIBRARY = "libc++";
				CLANG_ENABLE_MODULES = YES;
				CLANG_ENABLE_OBJC_ARC = YES;
				CLANG_WARN_BLOCK_CAPTURE_AUTORELEASING = YES;
				CLANG_WARN_BOOL_CONVERSION = YES;
				CLANG_WARN_COMMA = YES;
				CLANG_WARN_CONSTANT_CONVERSION = YES;
				CLANG_WARN_DEPRECATED_OBJC_IMPLEMENTATIONS = YES;
				CLANG_WARN_DIRECT_OBJC_ISA_USAGE = YES_ERROR;
				CLANG_WARN_EMPTY_BODY = YES;
				CLANG_WARN_ENUM_CONVERSION = YES;
				CLANG_WARN_INFINITE_RECURSION = YES;
				CLANG_WARN_INT_CONVERSION = YES;
				CLANG_WARN_NON_LITERAL_NULL_CONVERSION = YES;
				CLANG_WARN_OBJC_IMPLICIT_RETAIN_SELF = YES;
				CLANG_WARN_OBJC_LITERAL_CONVERSION = YES;
				CLANG_WARN_OBJC_ROOT_CLASS = YES_ERROR;
				CLANG_WARN_QUOTED_INCLUDE_IN_FRAMEWORK_HEADER = YES;
				CLANG_WARN_RANGE_LOOP_ANALYSIS = YES;
				CLANG_WARN_STRICT_PROTOTYPES = YES;
				CLANG_WARN_SUSPICIOUS_MOVE = YES;
				CLANG_WARN_UNREACHABLE_CODE = YES;
				CLANG_WARN__DUPLICATE_METHOD_MATCH = YES;
				"CODE_SIGN_IDENTITY[sdk=iphoneos*]" = "iPhone Developer";
				COPY_PHASE_STRIP = NO;
				ENABLE_STRICT_OBJC_MSGSEND = YES;
				ENABLE_TESTABILITY = YES;
				"EXCLUDED_ARCHS[sdk=iphonesimulator*]" = "";
				GCC_C_LANGUAGE_STANDARD = gnu99;
				GCC_DYNAMIC_NO_PIC = NO;
				GCC_NO_COMMON_BLOCKS = YES;
				GCC_OPTIMIZATION_LEVEL = 0;
				GCC_PREPROCESSOR_DEFINITIONS = (
					"DEBUG=1",
					"$(inherited)",
				);
				GCC_SYMBOLS_PRIVATE_EXTERN = NO;
				GCC_WARN_64_TO_32_BIT_CONVERSION = YES;
				GCC_WARN_ABOUT_RETURN_TYPE = YES_ERROR;
				GCC_WARN_UNDECLARED_SELECTOR = YES;
				GCC_WARN_UNINITIALIZED_AUTOS = YES_AGGRESSIVE;
				GCC_WARN_UNUSED_FUNCTION = YES;
				GCC_WARN_UNUSED_VARIABLE = YES;
				IPHONEOS_DEPLOYMENT_TARGET = 12.4;
				LD_RUNPATH_SEARCH_PATHS = (
					/usr/lib/swift,
					"$(inherited)",
				);
				LIBRARY_SEARCH_PATHS = (
					"\"$(SDKROOT)/usr/lib/swift\"",
					"\"$(TOOLCHAIN_DIR)/usr/lib/swift/$(PLATFORM_NAME)\"",
					"\"$(inherited)\"",
				);
				MTL_ENABLE_DEBUG_INFO = YES;
				ONLY_ACTIVE_ARCH = YES;
				OTHER_CPLUSPLUSFLAGS = (
					"$(OTHER_CFLAGS)",
					"-DFOLLY_NO_CONFIG",
					"-DFOLLY_MOBILE=1",
					"-DFOLLY_USE_LIBCPP=1",
				);
				REACT_NATIVE_PATH = "${PODS_ROOT}/../../node_modules/react-native";
				SDKROOT = iphoneos;
			};
			name = Debug;
		};
		83CBBA211A601CBA00E9B192 /* Release */ = {
			isa = XCBuildConfiguration;
			buildSettings = {
				ALWAYS_SEARCH_USER_PATHS = NO;
				CLANG_ANALYZER_LOCALIZABILITY_NONLOCALIZED = YES;
				CLANG_CXX_LANGUAGE_STANDARD = "c++17";
				CLANG_CXX_LIBRARY = "libc++";
				CLANG_ENABLE_MODULES = YES;
				CLANG_ENABLE_OBJC_ARC = YES;
				CLANG_WARN_BLOCK_CAPTURE_AUTORELEASING = YES;
				CLANG_WARN_BOOL_CONVERSION = YES;
				CLANG_WARN_COMMA = YES;
				CLANG_WARN_CONSTANT_CONVERSION = YES;
				CLANG_WARN_DEPRECATED_OBJC_IMPLEMENTATIONS = YES;
				CLANG_WARN_DIRECT_OBJC_ISA_USAGE = YES_ERROR;
				CLANG_WARN_EMPTY_BODY = YES;
				CLANG_WARN_ENUM_CONVERSION = YES;
				CLANG_WARN_INFINITE_RECURSION = YES;
				CLANG_WARN_INT_CONVERSION = YES;
				CLANG_WARN_NON_LITERAL_NULL_CONVERSION = YES;
				CLANG_WARN_OBJC_IMPLICIT_RETAIN_SELF = YES;
				CLANG_WARN_OBJC_LITERAL_CONVERSION = YES;
				CLANG_WARN_OBJC_ROOT_CLASS = YES_ERROR;
				CLANG_WARN_QUOTED_INCLUDE_IN_FRAMEWORK_HEADER = YES;
				CLANG_WARN_RANGE_LOOP_ANALYSIS = YES;
				CLANG_WARN_STRICT_PROTOTYPES = YES;
				CLANG_WARN_SUSPICIOUS_MOVE = YES;
				CLANG_WARN_UNREACHABLE_CODE = YES;
				CLANG_WARN__DUPLICATE_METHOD_MATCH = YES;
				"CODE_SIGN_IDENTITY[sdk=iphoneos*]" = "iPhone Developer";
				COPY_PHASE_STRIP = YES;
				ENABLE_NS_ASSERTIONS = NO;
				ENABLE_STRICT_OBJC_MSGSEND = YES;
				"EXCLUDED_ARCHS[sdk=iphonesimulator*]" = "";
				GCC_C_LANGUAGE_STANDARD = gnu99;
				GCC_NO_COMMON_BLOCKS = YES;
				GCC_WARN_64_TO_32_BIT_CONVERSION = YES;
				GCC_WARN_ABOUT_RETURN_TYPE = YES_ERROR;
				GCC_WARN_UNDECLARED_SELECTOR = YES;
				GCC_WARN_UNINITIALIZED_AUTOS = YES_AGGRESSIVE;
				GCC_WARN_UNUSED_FUNCTION = YES;
				GCC_WARN_UNUSED_VARIABLE = YES;
				IPHONEOS_DEPLOYMENT_TARGET = 12.4;
				LD_RUNPATH_SEARCH_PATHS = (
					/usr/lib/swift,
					"$(inherited)",
				);
				LIBRARY_SEARCH_PATHS = (
					"\"$(SDKROOT)/usr/lib/swift\"",
					"\"$(TOOLCHAIN_DIR)/usr/lib/swift/$(PLATFORM_NAME)\"",
					"\"$(inherited)\"",
				);
				MTL_ENABLE_DEBUG_INFO = NO;
				OTHER_CPLUSPLUSFLAGS = (
					"$(OTHER_CFLAGS)",
					"-DFOLLY_NO_CONFIG",
					"-DFOLLY_MOBILE=1",
					"-DFOLLY_USE_LIBCPP=1",
				);
				REACT_NATIVE_PATH = "${PODS_ROOT}/../../node_modules/react-native";
				SDKROOT = iphoneos;
				VALIDATE_PRODUCT = YES;
			};
			name = Release;
		};
/* End XCBuildConfiguration section */

/* Begin XCConfigurationList section */
		00E357021AD99517003FC87E /* Build configuration list for PBXNativeTarget "DoxleRNTests" */ = {
			isa = XCConfigurationList;
			buildConfigurations = (
				00E356F61AD99517003FC87E /* Debug */,
				00E356F71AD99517003FC87E /* Release */,
			);
			defaultConfigurationIsVisible = 0;
			defaultConfigurationName = Release;
		};
		13B07F931A680F5B00A75B9A /* Build configuration list for PBXNativeTarget "DoxleRN" */ = {
			isa = XCConfigurationList;
			buildConfigurations = (
				13B07F941A680F5B00A75B9A /* Debug */,
				13B07F951A680F5B00A75B9A /* Release */,
			);
			defaultConfigurationIsVisible = 0;
			defaultConfigurationName = Release;
		};
		83CBB9FA1A601CBA00E9B192 /* Build configuration list for PBXProject "DoxleRN" */ = {
			isa = XCConfigurationList;
			buildConfigurations = (
				83CBBA201A601CBA00E9B192 /* Debug */,
				83CBBA211A601CBA00E9B192 /* Release */,
			);
			defaultConfigurationIsVisible = 0;
			defaultConfigurationName = Release;
		};
/* End XCConfigurationList section */
	};
	rootObject = 83CBB9F71A601CBA00E9B192 /* Project object */;
}
